
Microsoft Visual Studio Solution File, Format Version 12.00
# Visual Studio Version 17
VisualStudioVersion = 17.11.35222.181
MinimumVisualStudioVersion = 10.0.40219.1
Project("{9A19103F-16F7-4668-BE54-9A1E7A4F7556}") = "MVC.PL", "MVC.PL\MVC.PL.csproj", "{4448DEF2-307F-415B-8067-CBC98EC03442}"
EndProject
Project("{9A19103F-16F7-4668-BE54-9A1E7A4F7556}") = "MVC.DAL", "MVC.DAL\MVC.DAL.csproj", "{EAEF3A5C-74B3-4A98-8F43-D7DBE4BD3202}"
EndProject
Project("{9A19103F-16F7-4668-BE54-9A1E7A4F7556}") = "MVC.BLL", "MVC.BLL\MVC.BLL.csproj", "{8F05E4FD-D31A-4ECD-B7B1-3974027A6A0F}"
EndProject
Global
	GlobalSection(SolutionConfigurationPlatforms) = preSolution
		Debug|Any CPU = Debug|Any CPU
		Release|Any CPU = Release|Any CPU
	EndGlobalSection
	GlobalSection(ProjectConfigurationPlatforms) = postSolution
		{4448DEF2-307F-415B-8067-CBC98EC03442}.Debug|Any CPU.ActiveCfg = Debug|Any CPU
		{4448DEF2-307F-415B-8067-CBC98EC03442}.Debug|Any CPU.Build.0 = Debug|Any CPU
		{4448DEF2-307F-415B-8067-CBC98EC03442}.Release|Any CPU.ActiveCfg = Release|Any CPU
		{4448DEF2-307F-415B-8067-CBC98EC03442}.Release|Any CPU.Build.0 = Release|Any CPU
		{EAEF3A5C-74B3-4A98-8F43-D7DBE4BD3202}.Debug|Any CPU.ActiveCfg = Debug|Any CPU
		{EAEF3A5C-74B3-4A98-8F43-D7DBE4BD3202}.Debug|Any CPU.Build.0 = Debug|Any CPU
		{EAEF3A5C-74B3-4A98-8F43-D7DBE4BD3202}.Release|Any CPU.ActiveCfg = Release|Any CPU
		{EAEF3A5C-74B3-4A98-8F43-D7DBE4BD3202}.Release|Any CPU.Build.0 = Release|Any CPU
		{8F05E4FD-D31A-4ECD-B7B1-3974027A6A0F}.Debug|Any CPU.ActiveCfg = Debug|Any CPU
		{8F05E4FD-D31A-4ECD-B7B1-3974027A6A0F}.Debug|Any CPU.Build.0 = Debug|Any CPU
		{8F05E4FD-D31A-4ECD-B7B1-3974027A6A0F}.Release|Any CPU.ActiveCfg = Release|Any CPU
		{8F05E4FD-D31A-4ECD-B7B1-3974027A6A0F}.Release|Any CPU.Build.0 = Release|Any CPU
	EndGlobalSection
	GlobalSection(SolutionProperties) = preSolution
		HideSolutionNode = FALSE
	EndGlobalSection
	GlobalSection(ExtensibilityGlobals) = postSolution
		SolutionGuid = {4831D257-C661-4A29-90B0-77D189EF390D}
	EndGlobalSection
EndGlobal
